
Microsoft Visual Studio Solution File, Format Version 12.00
Project("{FAE04EC0-301F-11D3-BF4B-00C04F79EFBC}") = "MTRequestFilterBug", "MTRequestFilterBug\MTRequestFilterBug.csproj", "{BF757CFA-457A-490A-AD51-82F4454E83A0}"
EndProject
Global
	GlobalSection(SolutionConfigurationPlatforms) = preSolution
		Debug|Any CPU = Debug|Any CPU
		Release|Any CPU = Release|Any CPU
	EndGlobalSection
	GlobalSection(ProjectConfigurationPlatforms) = postSolution
		{BF757CFA-457A-490A-AD51-82F4454E83A0}.Debug|Any CPU.ActiveCfg = Debug|Any CPU
		{BF757CFA-457A-490A-AD51-82F4454E83A0}.Debug|Any CPU.Build.0 = Debug|Any CPU
		{BF757CFA-457A-490A-AD51-82F4454E83A0}.Release|Any CPU.ActiveCfg = Release|Any CPU
		{BF757CFA-457A-490A-AD51-82F4454E83A0}.Release|Any CPU.Build.0 = Release|Any CPU
	EndGlobalSection
EndGlobal
